[[dependencies]]
name = "forge-std"
version = "1.16.1"
url = "https://soldeer-revisions.s3.amazonaws.com/forge-std/1_16_1_08-05-2026_08:51:16_forge-std-1.16.zip"
checksum = "839b61832925c7152c7b6dffbfa4998d9e606211179bd8f604733124e8a7cb57"
integrity = "60e55d10150354ca4a1e2985c5456c834b92b82ef85ab0e1d92a7786cddbd219"

[[dependencies]]
name = "rain-lib-hash"
version = "0.1.27"
url = "https://soldeer-revisions.s3.amazonaws.com/rain-lib-hash/0_1_27_16-09-2026_11:52:52_rain.lib.zip"
checksum = "7a25602d78180e82ac330d1f1b44609589e8efa42d7a3553f926445dbda64256"
integrity = "ba9fc2ff053bf801fc1b05e5b192fe5b8ade545c408f33874f473bfc39d2d3f0"

[[dependencies]]
name = "rain-solmem"
version = "0.1.28"
url = "https://soldeer-revisions.s3.amazonaws.com/rain-solmem/0_1_28_03-09-2026_07:34:16_rain.zip"
checksum = "3dafbef001edb181683a43c3c295e3f88e2ffcedd751e986562e71e29560c9f0"
integrity = "e7508cd81a998a67118a0fca314d504dc62850d6b535d29c824f696f214e4b23"
